
Microsoft Visual Studio Solution File, Format Version 12.00
# Visual Studio Version 16
VisualStudioVersion = 16.0.29020.237
MinimumVisualStudioVersion = 10.0.40219.1
Project("{F184B08F-C81C-45F6-A57F-5ABD9991F28F}") = "ImageResizer", "ImageResizer\ImageResizer.vbproj", "{A2079C32-1725-4495-8894-33A696B90104}"
EndProject
Global
	GlobalSection(SolutionConfigurationPlatforms) = preSolution
		Debug|Any CPU = Debug|Any CPU
		Release|Any CPU = Release|Any CPU
	EndGlobalSection
	GlobalSection(ProjectConfigurationPlatforms) = postSolution
		{A2079C32-1725-4495-8894-33A696B90104}.Debug|Any CPU.ActiveCfg = Debug|Any CPU
		{A2079C32-1725-4495-8894-33A696B90104}.Debug|Any CPU.Build.0 = Debug|Any CPU
		{A2079C32-1725-4495-8894-33A696B90104}.Release|Any CPU.ActiveCfg = Release|Any CPU
		{A2079C32-1725-4495-8894-33A696B90104}.Release|Any CPU.Build.0 = Release|Any CPU
	EndGlobalSection
	GlobalSection(SolutionProperties) = preSolution
		HideSolutionNode = FALSE
	EndGlobalSection
	GlobalSection(ExtensibilityGlobals) = postSolution
		SolutionGuid = {5522D162-823D-42A2-9023-D6051F131294}
	EndGlobalSection
EndGlobal
